{
  "name": "pizerowebserialconsole",
  "version": "1.0.0",
  "lockfileVersion": 3,
  "requires": true,
  "packages": {
    "": {
      "name": "pizerowebserialconsole",
      "version": "1.0.0",
      "license": "ISC",
      "devDependencies": {
        "@types/w3c-web-serial": "^1.0.8",
        "typescript": "^5.8.3"
      }
    },
    "node_modules/@types/w3c-web-serial": {
      "version": "1.0.8",
      "resolved": "https://registry.npmjs.org/@types/w3c-web-serial/-/w3c-web-serial-1.0.8.tgz",
      "integrity": "sha512-QQOT+bxQJhRGXoZDZGLs3ksLud1dMNnMiSQtBA0w8KXvLpXX4oM4TZb6J0GgJ8UbCaHo5s9/4VQT8uXy9JER2A==",
      "dev": true,
      "license": "MIT"
    },
    "node_modules/typescript": {
      "version": "5.8.3",
      "resolved": "https://registry.npmjs.org/typescript/-/typescript-5.8.3.tgz",
      "integrity": "sha512-p1diW6TqL9L07nNxvRMM7hMMw4c5XOo/1ibL4aAIGmSAt9slTE1Xgw5KWuof2uTOvCg9BY7ZRi+GaF+7sfgPeQ==",
      "dev": true,
      "license": "Apache-2.0",
      "bin": {
        "tsc": "bin/tsc",
        "tsserver": "bin/tsserver"
      },
      "engines": {
        "node": ">=14.17"
      }
    }
  }
}
